
Microsoft Visual Studio Solution File, Format Version 12.00
# Visual Studio Version 17
VisualStudioVersion = 17.1.32421.90
MinimumVisualStudioVersion = 10.0.40219.1
Project("{FAE04EC0-301F-11D3-BF4B-00C04F79EFBC}") = "ECommerce.App", "ECommerce.App\ECommerce.App.csproj", "{8B029F77-1C7A-450D-BC60-B12431A1B290}"
EndProject
Global
	GlobalSection(SolutionConfigurationPlatforms) = preSolution
		Debug|Any CPU = Debug|Any CPU
		Release|Any CPU = Release|Any CPU
	EndGlobalSection
	GlobalSection(ProjectConfigurationPlatforms) = postSolution
		{8B029F77-1C7A-450D-BC60-B12431A1B290}.Debug|Any CPU.ActiveCfg = Debug|Any CPU
		{8B029F77-1C7A-450D-BC60-B12431A1B290}.Debug|Any CPU.Build.0 = Debug|Any CPU
		{8B029F77-1C7A-450D-BC60-B12431A1B290}.Release|Any CPU.ActiveCfg = Release|Any CPU
		{8B029F77-1C7A-450D-BC60-B12431A1B290}.Release|Any CPU.Build.0 = Release|Any CPU
	EndGlobalSection
	GlobalSection(SolutionProperties) = preSolution
		HideSolutionNode = FALSE
	EndGlobalSection
	GlobalSection(ExtensibilityGlobals) = postSolution
		SolutionGuid = {A6161484-BDB9-4A52-9D8D-04900F7480CA}
	EndGlobalSection
EndGlobal
